
Microsoft Visual Studio Solution File, Format Version 12.00
# Visual Studio Version 17
VisualStudioVersion = 17.3.32721.290
MinimumVisualStudioVersion = 10.0.40219.1
Project("{2150E333-8FDC-42A3-9474-1A3956D46DE8}") = "src", "src", "{DE4223C3-7F08-4F2D-9578-05D768C49A2F}"
EndProject
Project("{2150E333-8FDC-42A3-9474-1A3956D46DE8}") = "tests", "tests", "{7B9E9EB7-D2B4-4732-9801-4A01841D9E6A}"
EndProject
Project("{2150E333-8FDC-42A3-9474-1A3956D46DE8}") = "docs", "docs", "{0C3680E3-3BBD-4A05-9A84-410C6EEF1959}"
EndProject
Project("{9A19103F-16F7-4668-BE54-9A1E7A4F7556}") = "AnyTongue.WebOld", "src\AnyTongue.WebOld\AnyTongue.WebOld.csproj", "{704F23FE-F4DA-43DF-A92F-01E9AF43CCB4}"
EndProject
Project("{9A19103F-16F7-4668-BE54-9A1E7A4F7556}") = "AnyTongue.Api", "src\AnyTongue.Api\AnyTongue.Api.csproj", "{932D7A0D-2CD0-46A4-A277-B4F5934A451A}"
EndProject
Project("{9A19103F-16F7-4668-BE54-9A1E7A4F7556}") = "AnyTongue.Domain", "src\AnyTongue.Domain\AnyTongue.Domain.csproj", "{73244B7E-DF7E-4B07-8423-480A1031BD81}"
EndProject
Project("{9A19103F-16F7-4668-BE54-9A1E7A4F7556}") = "AnyTongue.Persistence", "src\AnyTongue.Persistence\AnyTongue.Persistence.csproj", "{BADFB7C7-C7A7-4EF3-A3F4-BD1439B68A7B}"
EndProject
Project("{9A19103F-16F7-4668-BE54-9A1E7A4F7556}") = "AnyTongue.Infrastructure", "src\AnyTongue.Infrastructure\AnyTongue.Infrastructure.csproj", "{1ED0C692-4C81-46E5-B04F-C9B93F19EAB2}"
EndProject
Project("{9A19103F-16F7-4668-BE54-9A1E7A4F7556}") = "AnyTongue.Application", "src\AnyTongue.Application\AnyTongue.Application.csproj", "{375D7F96-E594-4730-A701-8033BA5BFBBC}"
EndProject
Project("{9A19103F-16F7-4668-BE54-9A1E7A4F7556}") = "AnyTongue.Shared", "src\AnyTongue.Shared\AnyTongue.Shared.csproj", "{C77692A8-4EA9-480F-A4CD-132787DDCB69}"
EndProject
Project("{2150E333-8FDC-42A3-9474-1A3956D46DE8}") = "Solution Items", "Solution Items", "{AC1306A3-2133-45B8-BCC5-BE2098D9D143}"
	ProjectSection(SolutionItems) = preProject
		.editorconfig = .editorconfig
		.gitignore = .gitignore
		apply-migration.ps1 = apply-migration.ps1
		ef-database-update.ps1 = ef-database-update.ps1
		remove-migration.ps1 = remove-migration.ps1
	EndProjectSection
EndProject
Project("{9A19103F-16F7-4668-BE54-9A1E7A4F7556}") = "AnyTongue.Styles", "src\AnyTongue.Styles\AnyTongue.Styles.csproj", "{690AB0CC-BDC3-4CD0-826F-14C175E75736}"
EndProject
Project("{9A19103F-16F7-4668-BE54-9A1E7A4F7556}") = "AnyTongue.Worker", "src\AnyTongue.Worker\AnyTongue.Worker.csproj", "{48441CFF-0DEF-48EC-AA58-5C15014FA893}"
EndProject
Project("{9A19103F-16F7-4668-BE54-9A1E7A4F7556}") = "AnyTongue.Web.Tests", "tests\AnyTongue.Web.Tests\AnyTongue.Web.Tests.csproj", "{97EE231F-7465-4672-94B4-5D3E91947032}"
EndProject
Project("{9A19103F-16F7-4668-BE54-9A1E7A4F7556}") = "AnyTongue.Api.Tests", "tests\AnyTongue.Api.Tests\AnyTongue.Api.Tests.csproj", "{26899242-796A-4F4A-B62C-03DC63A374C9}"
EndProject
Project("{9A19103F-16F7-4668-BE54-9A1E7A4F7556}") = "AnyTongue.Application.Tests", "tests\AnyTongue.Application.Tests\AnyTongue.Application.Tests.csproj", "{4F8EF5E1-07ED-406E-A4DF-9264146497E2}"
EndProject
Project("{9A19103F-16F7-4668-BE54-9A1E7A4F7556}") = "AnyTongue.Domain.Tests", "tests\AnyTongue.Domain.Tests\AnyTongue.Domain.Tests.csproj", "{DE50A5AB-5AB5-4CED-BEF4-A25FF806D558}"
EndProject
Project("{9A19103F-16F7-4668-BE54-9A1E7A4F7556}") = "AnyTongue.Infrastructure.Tests", "tests\AnyTongue.Infrastructure.Tests\AnyTongue.Infrastructure.Tests.csproj", "{B423B889-4107-4DEB-88FA-9677252AF46B}"
EndProject
Project("{9A19103F-16F7-4668-BE54-9A1E7A4F7556}") = "AnyTongue.Persistence.Tests", "tests\AnyTongue.Persistence.Tests\AnyTongue.Persistence.Tests.csproj", "{CBE4EFAB-9A55-4730-BF93-10EAD43D6DC3}"
EndProject
Project("{9A19103F-16F7-4668-BE54-9A1E7A4F7556}") = "AnyTongue.Shared.Tests", "tests\AnyTongue.Shared.Tests\AnyTongue.Shared.Tests.csproj", "{731F5FAD-D4F2-4D2D-9335-7CDFE3D8CD0D}"
EndProject
Project("{9A19103F-16F7-4668-BE54-9A1E7A4F7556}") = "AnyTongue.Worker.Tests", "tests\AnyTongue.Worker.Tests\AnyTongue.Worker.Tests.csproj", "{F2814CA0-F955-4F5F-8E64-17411742CF1A}"
EndProject
Project("{9A19103F-16F7-4668-BE54-9A1E7A4F7556}") = "AnyTongue.MigrationsConsole", "src\AnyTongue.MigrationsConsole\AnyTongue.MigrationsConsole.csproj", "{6D7E1265-A356-4A0F-BC75-FDF5C9726DBD}"
EndProject
Project("{9A19103F-16F7-4668-BE54-9A1E7A4F7556}") = "AnyTongue.Web", "src\AnyTongue.Web\AnyTongue.Web.csproj", "{B62FDCEB-80C3-4BAC-A7F7-F2B9DFE80D01}"
EndProject
Project("{9A19103F-16F7-4668-BE54-9A1E7A4F7556}") = "AnyTongue.Web.Client", "src\AnyTongue.Web.Client\AnyTongue.Web.Client.csproj", "{65541CC1-2975-4BDE-A034-BC8D1EC3218C}"
EndProject
Global
	GlobalSection(SolutionConfigurationPlatforms) = preSolution
		Debug|Any CPU = Debug|Any CPU
		Release|Any CPU = Release|Any CPU
	EndGlobalSection
	GlobalSection(ProjectConfigurationPlatforms) = postSolution
		{704F23FE-F4DA-43DF-A92F-01E9AF43CCB4}.Debug|Any CPU.ActiveCfg = Debug|Any CPU
		{704F23FE-F4DA-43DF-A92F-01E9AF43CCB4}.Debug|Any CPU.Build.0 = Debug|Any CPU
		{704F23FE-F4DA-43DF-A92F-01E9AF43CCB4}.Release|Any CPU.ActiveCfg = Release|Any CPU
		{704F23FE-F4DA-43DF-A92F-01E9AF43CCB4}.Release|Any CPU.Build.0 = Release|Any CPU
		{932D7A0D-2CD0-46A4-A277-B4F5934A451A}.Debug|Any CPU.ActiveCfg = Debug|Any CPU
		{932D7A0D-2CD0-46A4-A277-B4F5934A451A}.Debug|Any CPU.Build.0 = Debug|Any CPU
		{932D7A0D-2CD0-46A4-A277-B4F5934A451A}.Release|Any CPU.ActiveCfg = Release|Any CPU
		{932D7A0D-2CD0-46A4-A277-B4F5934A451A}.Release|Any CPU.Build.0 = Release|Any CPU
		{73244B7E-DF7E-4B07-8423-480A1031BD81}.Debug|Any CPU.ActiveCfg = Debug|Any CPU
		{73244B7E-DF7E-4B07-8423-480A1031BD81}.Debug|Any CPU.Build.0 = Debug|Any CPU
		{73244B7E-DF7E-4B07-8423-480A1031BD81}.Release|Any CPU.ActiveCfg = Release|Any CPU
		{73244B7E-DF7E-4B07-8423-480A1031BD81}.Release|Any CPU.Build.0 = Release|Any CPU
		{BADFB7C7-C7A7-4EF3-A3F4-BD1439B68A7B}.Debug|Any CPU.ActiveCfg = Debug|Any CPU
		{BADFB7C7-C7A7-4EF3-A3F4-BD1439B68A7B}.Debug|Any CPU.Build.0 = Debug|Any CPU
		{BADFB7C7-C7A7-4EF3-A3F4-BD1439B68A7B}.Release|Any CPU.ActiveCfg = Release|Any CPU
		{BADFB7C7-C7A7-4EF3-A3F4-BD1439B68A7B}.Release|Any CPU.Build.0 = Release|Any CPU
		{1ED0C692-4C81-46E5-B04F-C9B93F19EAB2}.Debug|Any CPU.ActiveCfg = Debug|Any CPU
		{1ED0C692-4C81-46E5-B04F-C9B93F19EAB2}.Debug|Any CPU.Build.0 = Debug|Any CPU
		{1ED0C692-4C81-46E5-B04F-C9B93F19EAB2}.Release|Any CPU.ActiveCfg = Release|Any CPU
		{1ED0C692-4C81-46E5-B04F-C9B93F19EAB2}.Release|Any CPU.Build.0 = Release|Any CPU
		{375D7F96-E594-4730-A701-8033BA5BFBBC}.Debug|Any CPU.ActiveCfg = Debug|Any CPU
		{375D7F96-E594-4730-A701-8033BA5BFBBC}.Debug|Any CPU.Build.0 = Debug|Any CPU
		{375D7F96-E594-4730-A701-8033BA5BFBBC}.Release|Any CPU.ActiveCfg = Release|Any CPU
		{375D7F96-E594-4730-A701-8033BA5BFBBC}.Release|Any CPU.Build.0 = Release|Any CPU
		{C77692A8-4EA9-480F-A4CD-132787DDCB69}.Debug|Any CPU.ActiveCfg = Debug|Any CPU
		{C77692A8-4EA9-480F-A4CD-132787DDCB69}.Debug|Any CPU.Build.0 = Debug|Any CPU
		{C77692A8-4EA9-480F-A4CD-132787DDCB69}.Release|Any CPU.ActiveCfg = Release|Any CPU
		{C77692A8-4EA9-480F-A4CD-132787DDCB69}.Release|Any CPU.Build.0 = Release|Any CPU
		{690AB0CC-BDC3-4CD0-826F-14C175E75736}.Debug|Any CPU.ActiveCfg = Debug|Any CPU
		{690AB0CC-BDC3-4CD0-826F-14C175E75736}.Debug|Any CPU.Build.0 = Debug|Any CPU
		{690AB0CC-BDC3-4CD0-826F-14C175E75736}.Release|Any CPU.ActiveCfg = Release|Any CPU
		{690AB0CC-BDC3-4CD0-826F-14C175E75736}.Release|Any CPU.Build.0 = Release|Any CPU
		{48441CFF-0DEF-48EC-AA58-5C15014FA893}.Debug|Any CPU.ActiveCfg = Debug|Any CPU
		{48441CFF-0DEF-48EC-AA58-5C15014FA893}.Debug|Any CPU.Build.0 = Debug|Any CPU
		{48441CFF-0DEF-48EC-AA58-5C15014FA893}.Release|Any CPU.ActiveCfg = Release|Any CPU
		{48441CFF-0DEF-48EC-AA58-5C15014FA893}.Release|Any CPU.Build.0 = Release|Any CPU
		{97EE231F-7465-4672-94B4-5D3E91947032}.Debug|Any CPU.ActiveCfg = Debug|Any CPU
		{97EE231F-7465-4672-94B4-5D3E91947032}.Debug|Any CPU.Build.0 = Debug|Any CPU
		{97EE231F-7465-4672-94B4-5D3E91947032}.Release|Any CPU.ActiveCfg = Release|Any CPU
		{97EE231F-7465-4672-94B4-5D3E91947032}.Release|Any CPU.Build.0 = Release|Any CPU
		{26899242-796A-4F4A-B62C-03DC63A374C9}.Debug|Any CPU.ActiveCfg = Debug|Any CPU
		{26899242-796A-4F4A-B62C-03DC63A374C9}.Debug|Any CPU.Build.0 = Debug|Any CPU
		{26899242-796A-4F4A-B62C-03DC63A374C9}.Release|Any CPU.ActiveCfg = Release|Any CPU
		{26899242-796A-4F4A-B62C-03DC63A374C9}.Release|Any CPU.Build.0 = Release|Any CPU
		{4F8EF5E1-07ED-406E-A4DF-9264146497E2}.Debug|Any CPU.ActiveCfg = Debug|Any CPU
		{4F8EF5E1-07ED-406E-A4DF-9264146497E2}.Debug|Any CPU.Build.0 = Debug|Any CPU
		{4F8EF5E1-07ED-406E-A4DF-9264146497E2}.Release|Any CPU.ActiveCfg = Release|Any CPU
		{4F8EF5E1-07ED-406E-A4DF-9264146497E2}.Release|Any CPU.Build.0 = Release|Any CPU
		{DE50A5AB-5AB5-4CED-BEF4-A25FF806D558}.Debug|Any CPU.ActiveCfg = Debug|Any CPU
		{DE50A5AB-5AB5-4CED-BEF4-A25FF806D558}.Debug|Any CPU.Build.0 = Debug|Any CPU
		{DE50A5AB-5AB5-4CED-BEF4-A25FF806D558}.Release|Any CPU.ActiveCfg = Release|Any CPU
		{DE50A5AB-5AB5-4CED-BEF4-A25FF806D558}.Release|Any CPU.Build.0 = Release|Any CPU
		{B423B889-4107-4DEB-88FA-9677252AF46B}.Debug|Any CPU.ActiveCfg = Debug|Any CPU
		{B423B889-4107-4DEB-88FA-9677252AF46B}.Debug|Any CPU.Build.0 = Debug|Any CPU
		{B423B889-4107-4DEB-88FA-9677252AF46B}.Release|Any CPU.ActiveCfg = Release|Any CPU
		{B423B889-4107-4DEB-88FA-9677252AF46B}.Release|Any CPU.Build.0 = Release|Any CPU
		{CBE4EFAB-9A55-4730-BF93-10EAD43D6DC3}.Debug|Any CPU.ActiveCfg = Debug|Any CPU
		{CBE4EFAB-9A55-4730-BF93-10EAD43D6DC3}.Debug|Any CPU.Build.0 = Debug|Any CPU
		{CBE4EFAB-9A55-4730-BF93-10EAD43D6DC3}.Release|Any CPU.ActiveCfg = Release|Any CPU
		{CBE4EFAB-9A55-4730-BF93-10EAD43D6DC3}.Release|Any CPU.Build.0 = Release|Any CPU
		{731F5FAD-D4F2-4D2D-9335-7CDFE3D8CD0D}.Debug|Any CPU.ActiveCfg = Debug|Any CPU
		{731F5FAD-D4F2-4D2D-9335-7CDFE3D8CD0D}.Debug|Any CPU.Build.0 = Debug|Any CPU
		{731F5FAD-D4F2-4D2D-9335-7CDFE3D8CD0D}.Release|Any CPU.ActiveCfg = Release|Any CPU
		{731F5FAD-D4F2-4D2D-9335-7CDFE3D8CD0D}.Release|Any CPU.Build.0 = Release|Any CPU
		{F2814CA0-F955-4F5F-8E64-17411742CF1A}.Debug|Any CPU.ActiveCfg = Debug|Any CPU
		{F2814CA0-F955-4F5F-8E64-17411742CF1A}.Debug|Any CPU.Build.0 = Debug|Any CPU
		{F2814CA0-F955-4F5F-8E64-17411742CF1A}.Release|Any CPU.ActiveCfg = Release|Any CPU
		{F2814CA0-F955-4F5F-8E64-17411742CF1A}.Release|Any CPU.Build.0 = Release|Any CPU
		{6D7E1265-A356-4A0F-BC75-FDF5C9726DBD}.Debug|Any CPU.ActiveCfg = Debug|Any CPU
		{6D7E1265-A356-4A0F-BC75-FDF5C9726DBD}.Debug|Any CPU.Build.0 = Debug|Any CPU
		{6D7E1265-A356-4A0F-BC75-FDF5C9726DBD}.Release|Any CPU.ActiveCfg = Release|Any CPU
		{6D7E1265-A356-4A0F-BC75-FDF5C9726DBD}.Release|Any CPU.Build.0 = Release|Any CPU
		{B62FDCEB-80C3-4BAC-A7F7-F2B9DFE80D01}.Debug|Any CPU.ActiveCfg = Debug|Any CPU
		{B62FDCEB-80C3-4BAC-A7F7-F2B9DFE80D01}.Debug|Any CPU.Build.0 = Debug|Any CPU
		{B62FDCEB-80C3-4BAC-A7F7-F2B9DFE80D01}.Release|Any CPU.ActiveCfg = Release|Any CPU
		{B62FDCEB-80C3-4BAC-A7F7-F2B9DFE80D01}.Release|Any CPU.Build.0 = Release|Any CPU
		{65541CC1-2975-4BDE-A034-BC8D1EC3218C}.Debug|Any CPU.ActiveCfg = Debug|Any CPU
		{65541CC1-2975-4BDE-A034-BC8D1EC3218C}.Debug|Any CPU.Build.0 = Debug|Any CPU
		{65541CC1-2975-4BDE-A034-BC8D1EC3218C}.Release|Any CPU.ActiveCfg = Release|Any CPU
		{65541CC1-2975-4BDE-A034-BC8D1EC3218C}.Release|Any CPU.Build.0 = Release|Any CPU
	EndGlobalSection
	GlobalSection(SolutionProperties) = preSolution
		HideSolutionNode = FALSE
	EndGlobalSection
	GlobalSection(NestedProjects) = preSolution
		{704F23FE-F4DA-43DF-A92F-01E9AF43CCB4} = {DE4223C3-7F08-4F2D-9578-05D768C49A2F}
		{932D7A0D-2CD0-46A4-A277-B4F5934A451A} = {DE4223C3-7F08-4F2D-9578-05D768C49A2F}
		{73244B7E-DF7E-4B07-8423-480A1031BD81} = {DE4223C3-7F08-4F2D-9578-05D768C49A2F}
		{BADFB7C7-C7A7-4EF3-A3F4-BD1439B68A7B} = {DE4223C3-7F08-4F2D-9578-05D768C49A2F}
		{1ED0C692-4C81-46E5-B04F-C9B93F19EAB2} = {DE4223C3-7F08-4F2D-9578-05D768C49A2F}
		{375D7F96-E594-4730-A701-8033BA5BFBBC} = {DE4223C3-7F08-4F2D-9578-05D768C49A2F}
		{C77692A8-4EA9-480F-A4CD-132787DDCB69} = {DE4223C3-7F08-4F2D-9578-05D768C49A2F}
		{690AB0CC-BDC3-4CD0-826F-14C175E75736} = {DE4223C3-7F08-4F2D-9578-05D768C49A2F}
		{48441CFF-0DEF-48EC-AA58-5C15014FA893} = {DE4223C3-7F08-4F2D-9578-05D768C49A2F}
		{97EE231F-7465-4672-94B4-5D3E91947032} = {7B9E9EB7-D2B4-4732-9801-4A01841D9E6A}
		{26899242-796A-4F4A-B62C-03DC63A374C9} = {7B9E9EB7-D2B4-4732-9801-4A01841D9E6A}
		{4F8EF5E1-07ED-406E-A4DF-9264146497E2} = {7B9E9EB7-D2B4-4732-9801-4A01841D9E6A}
		{DE50A5AB-5AB5-4CED-BEF4-A25FF806D558} = {7B9E9EB7-D2B4-4732-9801-4A01841D9E6A}
		{B423B889-4107-4DEB-88FA-9677252AF46B} = {7B9E9EB7-D2B4-4732-9801-4A01841D9E6A}
		{CBE4EFAB-9A55-4730-BF93-10EAD43D6DC3} = {7B9E9EB7-D2B4-4732-9801-4A01841D9E6A}
		{731F5FAD-D4F2-4D2D-9335-7CDFE3D8CD0D} = {7B9E9EB7-D2B4-4732-9801-4A01841D9E6A}
		{F2814CA0-F955-4F5F-8E64-17411742CF1A} = {7B9E9EB7-D2B4-4732-9801-4A01841D9E6A}
		{6D7E1265-A356-4A0F-BC75-FDF5C9726DBD} = {DE4223C3-7F08-4F2D-9578-05D768C49A2F}
		{B62FDCEB-80C3-4BAC-A7F7-F2B9DFE80D01} = {DE4223C3-7F08-4F2D-9578-05D768C49A2F}
		{65541CC1-2975-4BDE-A034-BC8D1EC3218C} = {DE4223C3-7F08-4F2D-9578-05D768C49A2F}
	EndGlobalSection
	GlobalSection(ExtensibilityGlobals) = postSolution
		SolutionGuid = {ACD03668-E05F-4140-B8D9-C863320E66CC}
	EndGlobalSection
EndGlobal
